
Microsoft Visual Studio Solution File, Format Version 12.00
# Visual Studio Version 17
VisualStudioVersion = 17.7.34221.43
MinimumVisualStudioVersion = 10.0.40219.1
Project("{9A19103F-16F7-4668-BE54-9A1E7A4F7556}") = "CoffeeShop", "CoffeeShop\CoffeeShop.csproj", "{7C528BE2-B6D5-428C-B0C6-2CF5AB38B2FD}"
EndProject
Global
	GlobalSection(SolutionConfigurationPlatforms) = preSolution
		Debug|Any CPU = Debug|Any CPU
		Release|Any CPU = Release|Any CPU
	EndGlobalSection
	GlobalSection(ProjectConfigurationPlatforms) = postSolution
		{7C528BE2-B6D5-428C-B0C6-2CF5AB38B2FD}.Debug|Any CPU.ActiveCfg = Debug|Any CPU
		{7C528BE2-B6D5-428C-B0C6-2CF5AB38B2FD}.Debug|Any CPU.Build.0 = Debug|Any CPU
		{7C528BE2-B6D5-428C-B0C6-2CF5AB38B2FD}.Release|Any CPU.ActiveCfg = Release|Any CPU
		{7C528BE2-B6D5-428C-B0C6-2CF5AB38B2FD}.Release|Any CPU.Build.0 = Release|Any CPU
	EndGlobalSection
	GlobalSection(SolutionProperties) = preSolution
		HideSolutionNode = FALSE
	EndGlobalSection
	GlobalSection(ExtensibilityGlobals) = postSolution
		SolutionGuid = {3D7AE561-2A16-4550-A173-ADDFAAD1245A}
	EndGlobalSection
EndGlobal
